
Microsoft Visual Studio Solution File, Format Version 12.00
# Visual Studio Version 17
VisualStudioVersion = 17.1.32421.90
MinimumVisualStudioVersion = 10.0.40219.1
Project("{9A19103F-16F7-4668-BE54-9A1E7A4F7556}") = "WebDriverTestsDemo", "WebDriverTestsDemo\WebDriverTestsDemo.csproj", "{5291015F-E8F4-4A90-AF99-7F63ADA129C1}"
EndProject
Project("{9A19103F-16F7-4668-BE54-9A1E7A4F7556}") = "NunitWebDriverTests", "NunitWebDriverTestsWikipedia\NunitWebDriverTests.csproj", "{A4D1E086-4E01-4F9E-91BA-2C1E7DC0A5CE}"
EndProject
Project("{FAE04EC0-301F-11D3-BF4B-00C04F79EFBC}") = "DataDrivenTestingCalculator", "DataDrivenTestingCalculator\DataDrivenTestingCalculator.csproj", "{597415D1-B190-46F9-BBB9-EFD7E926112B}"
EndProject
Global
	GlobalSection(SolutionConfigurationPlatforms) = preSolution
		Debug|Any CPU = Debug|Any CPU
		Release|Any CPU = Release|Any CPU
	EndGlobalSection
	GlobalSection(ProjectConfigurationPlatforms) = postSolution
		{5291015F-E8F4-4A90-AF99-7F63ADA129C1}.Debug|Any CPU.ActiveCfg = Debug|Any CPU
		{5291015F-E8F4-4A90-AF99-7F63ADA129C1}.Debug|Any CPU.Build.0 = Debug|Any CPU
		{5291015F-E8F4-4A90-AF99-7F63ADA129C1}.Release|Any CPU.ActiveCfg = Release|Any CPU
		{5291015F-E8F4-4A90-AF99-7F63ADA129C1}.Release|Any CPU.Build.0 = Release|Any CPU
		{A4D1E086-4E01-4F9E-91BA-2C1E7DC0A5CE}.Debug|Any CPU.ActiveCfg = Debug|Any CPU
		{A4D1E086-4E01-4F9E-91BA-2C1E7DC0A5CE}.Debug|Any CPU.Build.0 = Debug|Any CPU
		{A4D1E086-4E01-4F9E-91BA-2C1E7DC0A5CE}.Release|Any CPU.ActiveCfg = Release|Any CPU
		{A4D1E086-4E01-4F9E-91BA-2C1E7DC0A5CE}.Release|Any CPU.Build.0 = Release|Any CPU
		{597415D1-B190-46F9-BBB9-EFD7E926112B}.Debug|Any CPU.ActiveCfg = Debug|Any CPU
		{597415D1-B190-46F9-BBB9-EFD7E926112B}.Debug|Any CPU.Build.0 = Debug|Any CPU
		{597415D1-B190-46F9-BBB9-EFD7E926112B}.Release|Any CPU.ActiveCfg = Release|Any CPU
		{597415D1-B190-46F9-BBB9-EFD7E926112B}.Release|Any CPU.Build.0 = Release|Any CPU
	EndGlobalSection
	GlobalSection(SolutionProperties) = preSolution
		HideSolutionNode = FALSE
	EndGlobalSection
	GlobalSection(ExtensibilityGlobals) = postSolution
		SolutionGuid = {6D4A99F5-C217-4CE7-A005-0ABF3D5F7604}
	EndGlobalSection
EndGlobal
